
Microsoft Visual Studio Solution File, Format Version 12.00
# Visual Studio Version 16
VisualStudioVersion = 16.0.30717.126
MinimumVisualStudioVersion = 10.0.40219.1
Project("{9A19103F-16F7-4668-BE54-9A1E7A4F7556}") = "ITsynch.Trainings.LBGC.Demo", "ITsynch.Trainings.LBGC.Demo.Server\ITsynch.Trainings.LBGC.Demo.csproj", "{4DBB8CCC-764C-49DA-9D01-CBDBF90D7B32}"
EndProject
Project("{2150E333-8FDC-42A3-9474-1A3956D46DE8}") = "Docker", "Docker", "{A5FE20E2-6E07-4B5B-99BA-3FFC83EDB25E}"
	ProjectSection(SolutionItems) = preProject
		Docker\docker-compose.yml = Docker\docker-compose.yml
	EndProjectSection
EndProject
Project("{9A19103F-16F7-4668-BE54-9A1E7A4F7556}") = "ArticlesTestProjec", "ArticlesTestProjec\ArticlesTestProjec.csproj", "{19AA8AD5-4694-4815-B16A-5021F8CFAE41}"
EndProject
Global
	GlobalSection(SolutionConfigurationPlatforms) = preSolution
		Debug|Any CPU = Debug|Any CPU
		Release|Any CPU = Release|Any CPU
	EndGlobalSection
	GlobalSection(ProjectConfigurationPlatforms) = postSolution
		{4DBB8CCC-764C-49DA-9D01-CBDBF90D7B32}.Debug|Any CPU.ActiveCfg = Debug|Any CPU
		{4DBB8CCC-764C-49DA-9D01-CBDBF90D7B32}.Debug|Any CPU.Build.0 = Debug|Any CPU
		{4DBB8CCC-764C-49DA-9D01-CBDBF90D7B32}.Release|Any CPU.ActiveCfg = Release|Any CPU
		{4DBB8CCC-764C-49DA-9D01-CBDBF90D7B32}.Release|Any CPU.Build.0 = Release|Any CPU
		{19AA8AD5-4694-4815-B16A-5021F8CFAE41}.Debug|Any CPU.ActiveCfg = Debug|Any CPU
		{19AA8AD5-4694-4815-B16A-5021F8CFAE41}.Debug|Any CPU.Build.0 = Debug|Any CPU
		{19AA8AD5-4694-4815-B16A-5021F8CFAE41}.Release|Any CPU.ActiveCfg = Release|Any CPU
		{19AA8AD5-4694-4815-B16A-5021F8CFAE41}.Release|Any CPU.Build.0 = Release|Any CPU
	EndGlobalSection
	GlobalSection(SolutionProperties) = preSolution
		HideSolutionNode = FALSE
	EndGlobalSection
	GlobalSection(ExtensibilityGlobals) = postSolution
		SolutionGuid = {6D7A7AFD-F83E-4694-AA19-F49BF4B5F2A8}
	EndGlobalSection
EndGlobal
